
Microsoft Visual Studio Solution File, Format Version 12.00
# Visual Studio 15
VisualStudioVersion = 15.0.28307.106
MinimumVisualStudioVersion = 10.0.40219.1
Project("{FAE04EC0-301F-11D3-BF4B-00C04F79EFBC}") = "Shop3", "Shop3.csproj", "{95C3458B-78DE-4A54-BD07-5D98A6BE64BA}"
EndProject
Global
	GlobalSection(SolutionConfigurationPlatforms) = preSolution
		Debug|Any CPU = Debug|Any CPU
		Release|Any CPU = Release|Any CPU
	EndGlobalSection
	GlobalSection(ProjectConfigurationPlatforms) = postSolution
		{95C3458B-78DE-4A54-BD07-5D98A6BE64BA}.Debug|Any CPU.ActiveCfg = Debug|Any CPU
		{95C3458B-78DE-4A54-BD07-5D98A6BE64BA}.Debug|Any CPU.Build.0 = Debug|Any CPU
		{95C3458B-78DE-4A54-BD07-5D98A6BE64BA}.Release|Any CPU.ActiveCfg = Release|Any CPU
		{95C3458B-78DE-4A54-BD07-5D98A6BE64BA}.Release|Any CPU.Build.0 = Release|Any CPU
	EndGlobalSection
	GlobalSection(SolutionProperties) = preSolution
		HideSolutionNode = FALSE
	EndGlobalSection
	GlobalSection(ExtensibilityGlobals) = postSolution
		SolutionGuid = {49606EBD-BD26-485B-989E-550CFA1EA4CE}
	EndGlobalSection
EndGlobal
